
Microsoft Visual Studio Solution File, Format Version 12.00
# Visual Studio 14
VisualStudioVersion = 14.0.25420.1
MinimumVisualStudioVersion = 10.0.40219.1
Project("{8BC9CEB8-8B4A-11D0-8D11-00A0C91BC942}") = "oj5.5", "oj5.5\oj5.5.vcxproj", "{CC4E6AB2-577D-4D39-9D4B-AA457B86A778}"
EndProject
Project("{8BC9CEB8-8B4A-11D0-8D11-00A0C91BC942}") = "5.6", "5.6\5.6.vcxproj", "{22DBCA03-7002-4A1D-832D-49860AE1A19D}"
EndProject
Project("{8BC9CEB8-8B4A-11D0-8D11-00A0C91BC942}") = "5.8", "5.8\5.8.vcxproj", "{51A9861C-B5F4-4244-A1DE-315B5500DC52}"
EndProject
Project("{8BC9CEB8-8B4A-11D0-8D11-00A0C91BC942}") = "6.1", "6.1\6.1.vcxproj", "{A79588B5-339C-478F-B2DC-60CD1AF24D60}"
EndProject
Project("{8BC9CEB8-8B4A-11D0-8D11-00A0C91BC942}") = "6.2", "Project1\Project1.vcxproj", "{4C8A9FAA-7E0A-4667-A98F-DAF4149E2F8C}"
EndProject
Project("{8BC9CEB8-8B4A-11D0-8D11-00A0C91BC942}") = "6.3", "6.3\6.3.vcxproj", "{EFAF6A56-2985-444F-9031-7A82B87F757D}"
EndProject
Project("{8BC9CEB8-8B4A-11D0-8D11-00A0C91BC942}") = "6.4", "6.4\6.4.vcxproj", "{01F77EF4-31E9-4148-B4CA-05784FA5562B}"
EndProject
Project("{8BC9CEB8-8B4A-11D0-8D11-00A0C91BC942}") = "6.5", "6.5\6.5.vcxproj", "{8C76C9F7-49BB-4242-8EAC-9259F48153FB}"
EndProject
Project("{8BC9CEB8-8B4A-11D0-8D11-00A0C91BC942}") = "6.6", "6.6\6.6.vcxproj", "{A4D4ED04-B59E-483F-B592-14DC17FF05F1}"
EndProject
Project("{8BC9CEB8-8B4A-11D0-8D11-00A0C91BC942}") = "6.7", "6.7\6.7.vcxproj", "{7CE383A5-2834-4F88-82DD-845A14E2867C}"
EndProject
Project("{8BC9CEB8-8B4A-11D0-8D11-00A0C91BC942}") = "6.11", "6.11\6.11.vcxproj", "{121D3C95-5CFC-475B-A060-54323280E546}"
EndProject
Project("{8BC9CEB8-8B4A-11D0-8D11-00A0C91BC942}") = "6.10", "6.10\6.10.vcxproj", "{86E9B79B-4CB5-4678-8AB2-D6520B12A1DC}"
EndProject
Project("{8BC9CEB8-8B4A-11D0-8D11-00A0C91BC942}") = "6.9", "6.9\6.9.vcxproj", "{9BCCF8E2-FADE-4B72-8810-DD29EA3103DA}"
EndProject
Project("{8BC9CEB8-8B4A-11D0-8D11-00A0C91BC942}") = "6.8", "6.8\6.8.vcxproj", "{D61F9045-8C9F-470F-957A-9CB3EF7E121E}"
EndProject
Project("{8BC9CEB8-8B4A-11D0-8D11-00A0C91BC942}") = "7,1", "7,1\7,1.vcxproj", "{46EE26CC-56A6-45A6-B2F3-084534CEBEFF}"
EndProject
Project("{8BC9CEB8-8B4A-11D0-8D11-00A0C91BC942}") = "7.2", "7.2\7.2.vcxproj", "{1CBC4D6D-CA61-48FA-B5DC-24ACF41868D5}"
EndProject
Project("{8BC9CEB8-8B4A-11D0-8D11-00A0C91BC942}") = "7.3", "7.3\7.3.vcxproj", "{A315B1AA-DABA-470A-ABD8-BFFFB011C482}"
EndProject
Project("{8BC9CEB8-8B4A-11D0-8D11-00A0C91BC942}") = "7.4", "7.4\7.4.vcxproj", "{8D865E38-8E38-4BCF-8212-0E0F9235A81A}"
EndProject
Project("{8BC9CEB8-8B4A-11D0-8D11-00A0C91BC942}") = "7.5", "7.5\7.5.vcxproj", "{6B182853-ED65-4987-84A9-30F2C468ECAE}"
EndProject
Project("{8BC9CEB8-8B4A-11D0-8D11-00A0C91BC942}") = "8.1", "8.1\8.1.vcxproj", "{43CCDB26-0D8C-4025-8E2D-B3558B2E1F9D}"
EndProject
Project("{8BC9CEB8-8B4A-11D0-8D11-00A0C91BC942}") = "8.2", "8.2\8.2.vcxproj", "{F84605DB-462F-4AAC-B574-EC852621B153}"
EndProject
Project("{8BC9CEB8-8B4A-11D0-8D11-00A0C91BC942}") = "8.3", "8.3\8.3.vcxproj", "{F72DD12E-7A95-4718-AFBA-598D0573011B}"
EndProject
Project("{8BC9CEB8-8B4A-11D0-8D11-00A0C91BC942}") = "8.4", "8.4\8.4.vcxproj", "{38628F85-4047-4ACB-9DC4-EA55D3CB7B9E}"
EndProject
Global
	GlobalSection(SolutionConfigurationPlatforms) = preSolution
		Debug|x64 = Debug|x64
		Debug|x86 = Debug|x86
		Release|x64 = Release|x64
		Release|x86 = Release|x86
	EndGlobalSection
	GlobalSection(ProjectConfigurationPlatforms) = postSolution
		{CC4E6AB2-577D-4D39-9D4B-AA457B86A778}.Debug|x64.ActiveCfg = Debug|x64
		{CC4E6AB2-577D-4D39-9D4B-AA457B86A778}.Debug|x64.Build.0 = Debug|x64
		{CC4E6AB2-577D-4D39-9D4B-AA457B86A778}.Debug|x86.ActiveCfg = Debug|Win32
		{CC4E6AB2-577D-4D39-9D4B-AA457B86A778}.Debug|x86.Build.0 = Debug|Win32
		{CC4E6AB2-577D-4D39-9D4B-AA457B86A778}.Release|x64.ActiveCfg = Release|x64
		{CC4E6AB2-577D-4D39-9D4B-AA457B86A778}.Release|x64.Build.0 = Release|x64
		{CC4E6AB2-577D-4D39-9D4B-AA457B86A778}.Release|x86.ActiveCfg = Release|Win32
		{CC4E6AB2-577D-4D39-9D4B-AA457B86A778}.Release|x86.Build.0 = Release|Win32
		{22DBCA03-7002-4A1D-832D-49860AE1A19D}.Debug|x64.ActiveCfg = Debug|x64
		{22DBCA03-7002-4A1D-832D-49860AE1A19D}.Debug|x64.Build.0 = Debug|x64
		{22DBCA03-7002-4A1D-832D-49860AE1A19D}.Debug|x86.ActiveCfg = Debug|Win32
		{22DBCA03-7002-4A1D-832D-49860AE1A19D}.Debug|x86.Build.0 = Debug|Win32
		{22DBCA03-7002-4A1D-832D-49860AE1A19D}.Release|x64.ActiveCfg = Release|x64
		{22DBCA03-7002-4A1D-832D-49860AE1A19D}.Release|x64.Build.0 = Release|x64
		{22DBCA03-7002-4A1D-832D-49860AE1A19D}.Release|x86.ActiveCfg = Release|Win32
		{22DBCA03-7002-4A1D-832D-49860AE1A19D}.Release|x86.Build.0 = Release|Win32
		{51A9861C-B5F4-4244-A1DE-315B5500DC52}.Debug|x64.ActiveCfg = Debug|x64
		{51A9861C-B5F4-4244-A1DE-315B5500DC52}.Debug|x64.Build.0 = Debug|x64
		{51A9861C-B5F4-4244-A1DE-315B5500DC52}.Debug|x86.ActiveCfg = Debug|Win32
		{51A9861C-B5F4-4244-A1DE-315B5500DC52}.Debug|x86.Build.0 = Debug|Win32
		{51A9861C-B5F4-4244-A1DE-315B5500DC52}.Release|x64.ActiveCfg = Release|x64
		{51A9861C-B5F4-4244-A1DE-315B5500DC52}.Release|x64.Build.0 = Release|x64
		{51A9861C-B5F4-4244-A1DE-315B5500DC52}.Release|x86.ActiveCfg = Release|Win32
		{51A9861C-B5F4-4244-A1DE-315B5500DC52}.Release|x86.Build.0 = Release|Win32
		{A79588B5-339C-478F-B2DC-60CD1AF24D60}.Debug|x64.ActiveCfg = Debug|x64
		{A79588B5-339C-478F-B2DC-60CD1AF24D60}.Debug|x64.Build.0 = Debug|x64
		{A79588B5-339C-478F-B2DC-60CD1AF24D60}.Debug|x86.ActiveCfg = Debug|Win32
		{A79588B5-339C-478F-B2DC-60CD1AF24D60}.Debug|x86.Build.0 = Debug|Win32
		{A79588B5-339C-478F-B2DC-60CD1AF24D60}.Release|x64.ActiveCfg = Release|x64
		{A79588B5-339C-478F-B2DC-60CD1AF24D60}.Release|x64.Build.0 = Release|x64
		{A79588B5-339C-478F-B2DC-60CD1AF24D60}.Release|x86.ActiveCfg = Release|Win32
		{A79588B5-339C-478F-B2DC-60CD1AF24D60}.Release|x86.Build.0 = Release|Win32
		{4C8A9FAA-7E0A-4667-A98F-DAF4149E2F8C}.Debug|x64.ActiveCfg = Debug|x64
		{4C8A9FAA-7E0A-4667-A98F-DAF4149E2F8C}.Debug|x64.Build.0 = Debug|x64
		{4C8A9FAA-7E0A-4667-A98F-DAF4149E2F8C}.Debug|x86.ActiveCfg = Debug|Win32
		{4C8A9FAA-7E0A-4667-A98F-DAF4149E2F8C}.Debug|x86.Build.0 = Debug|Win32
		{4C8A9FAA-7E0A-4667-A98F-DAF4149E2F8C}.Release|x64.ActiveCfg = Release|x64
		{4C8A9FAA-7E0A-4667-A98F-DAF4149E2F8C}.Release|x64.Build.0 = Release|x64
		{4C8A9FAA-7E0A-4667-A98F-DAF4149E2F8C}.Release|x86.ActiveCfg = Release|Win32
		{4C8A9FAA-7E0A-4667-A98F-DAF4149E2F8C}.Release|x86.Build.0 = Release|Win32
		{EFAF6A56-2985-444F-9031-7A82B87F757D}.Debug|x64.ActiveCfg = Debug|x64
		{EFAF6A56-2985-444F-9031-7A82B87F757D}.Debug|x64.Build.0 = Debug|x64
		{EFAF6A56-2985-444F-9031-7A82B87F757D}.Debug|x86.ActiveCfg = Debug|Win32
		{EFAF6A56-2985-444F-9031-7A82B87F757D}.Debug|x86.Build.0 = Debug|Win32
		{EFAF6A56-2985-444F-9031-7A82B87F757D}.Release|x64.ActiveCfg = Release|x64
		{EFAF6A56-2985-444F-9031-7A82B87F757D}.Release|x64.Build.0 = Release|x64
		{EFAF6A56-2985-444F-9031-7A82B87F757D}.Release|x86.ActiveCfg = Release|Win32
		{EFAF6A56-2985-444F-9031-7A82B87F757D}.Release|x86.Build.0 = Release|Win32
		{01F77EF4-31E9-4148-B4CA-05784FA5562B}.Debug|x64.ActiveCfg = Debug|x64
		{01F77EF4-31E9-4148-B4CA-05784FA5562B}.Debug|x64.Build.0 = Debug|x64
		{01F77EF4-31E9-4148-B4CA-05784FA5562B}.Debug|x86.ActiveCfg = Debug|Win32
		{01F77EF4-31E9-4148-B4CA-05784FA5562B}.Debug|x86.Build.0 = Debug|Win32
		{01F77EF4-31E9-4148-B4CA-05784FA5562B}.Release|x64.ActiveCfg = Release|x64
		{01F77EF4-31E9-4148-B4CA-05784FA5562B}.Release|x64.Build.0 = Release|x64
		{01F77EF4-31E9-4148-B4CA-05784FA5562B}.Release|x86.ActiveCfg = Release|Win32
		{01F77EF4-31E9-4148-B4CA-05784FA5562B}.Release|x86.Build.0 = Release|Win32
		{8C76C9F7-49BB-4242-8EAC-9259F48153FB}.Debug|x64.ActiveCfg = Debug|x64
		{8C76C9F7-49BB-4242-8EAC-9259F48153FB}.Debug|x64.Build.0 = Debug|x64
		{8C76C9F7-49BB-4242-8EAC-9259F48153FB}.Debug|x86.ActiveCfg = Debug|Win32
		{8C76C9F7-49BB-4242-8EAC-9259F48153FB}.Debug|x86.Build.0 = Debug|Win32
		{8C76C9F7-49BB-4242-8EAC-9259F48153FB}.Release|x64.ActiveCfg = Release|x64
		{8C76C9F7-49BB-4242-8EAC-9259F48153FB}.Release|x64.Build.0 = Release|x64
		{8C76C9F7-49BB-4242-8EAC-9259F48153FB}.Release|x86.ActiveCfg = Release|Win32
		{8C76C9F7-49BB-4242-8EAC-9259F48153FB}.Release|x86.Build.0 = Release|Win32
		{A4D4ED04-B59E-483F-B592-14DC17FF05F1}.Debug|x64.ActiveCfg = Debug|x64
		{A4D4ED04-B59E-483F-B592-14DC17FF05F1}.Debug|x64.Build.0 = Debug|x64
		{A4D4ED04-B59E-483F-B592-14DC17FF05F1}.Debug|x86.ActiveCfg = Debug|Win32
		{A4D4ED04-B59E-483F-B592-14DC17FF05F1}.Debug|x86.Build.0 = Debug|Win32
		{A4D4ED04-B59E-483F-B592-14DC17FF05F1}.Release|x64.ActiveCfg = Release|x64
		{A4D4ED04-B59E-483F-B592-14DC17FF05F1}.Release|x64.Build.0 = Release|x64
		{A4D4ED04-B59E-483F-B592-14DC17FF05F1}.Release|x86.ActiveCfg = Release|Win32
		{A4D4ED04-B59E-483F-B592-14DC17FF05F1}.Release|x86.Build.0 = Release|Win32
		{7CE383A5-2834-4F88-82DD-845A14E2867C}.Debug|x64.ActiveCfg = Debug|x64
		{7CE383A5-2834-4F88-82DD-845A14E2867C}.Debug|x64.Build.0 = Debug|x64
		{7CE383A5-2834-4F88-82DD-845A14E2867C}.Debug|x86.ActiveCfg = Debug|Win32
		{7CE383A5-2834-4F88-82DD-845A14E2867C}.Debug|x86.Build.0 = Debug|Win32
		{7CE383A5-2834-4F88-82DD-845A14E2867C}.Release|x64.ActiveCfg = Release|x64
		{7CE383A5-2834-4F88-82DD-845A14E2867C}.Release|x64.Build.0 = Release|x64
		{7CE383A5-2834-4F88-82DD-845A14E2867C}.Release|x86.ActiveCfg = Release|Win32
		{7CE383A5-2834-4F88-82DD-845A14E2867C}.Release|x86.Build.0 = Release|Win32
		{121D3C95-5CFC-475B-A060-54323280E546}.Debug|x64.ActiveCfg = Debug|x64
		{121D3C95-5CFC-475B-A060-54323280E546}.Debug|x64.Build.0 = Debug|x64
		{121D3C95-5CFC-475B-A060-54323280E546}.Debug|x86.ActiveCfg = Debug|Win32
		{121D3C95-5CFC-475B-A060-54323280E546}.Debug|x86.Build.0 = Debug|Win32
		{121D3C95-5CFC-475B-A060-54323280E546}.Release|x64.ActiveCfg = Release|x64
		{121D3C95-5CFC-475B-A060-54323280E546}.Release|x64.Build.0 = Release|x64
		{121D3C95-5CFC-475B-A060-54323280E546}.Release|x86.ActiveCfg = Release|Win32
		{121D3C95-5CFC-475B-A060-54323280E546}.Release|x86.Build.0 = Release|Win32
		{86E9B79B-4CB5-4678-8AB2-D6520B12A1DC}.Debug|x64.ActiveCfg = Debug|x64
		{86E9B79B-4CB5-4678-8AB2-D6520B12A1DC}.Debug|x64.Build.0 = Debug|x64
		{86E9B79B-4CB5-4678-8AB2-D6520B12A1DC}.Debug|x86.ActiveCfg = Debug|Win32
		{86E9B79B-4CB5-4678-8AB2-D6520B12A1DC}.Debug|x86.Build.0 = Debug|Win32
		{86E9B79B-4CB5-4678-8AB2-D6520B12A1DC}.Release|x64.ActiveCfg = Release|x64
		{86E9B79B-4CB5-4678-8AB2-D6520B12A1DC}.Release|x64.Build.0 = Release|x64
		{86E9B79B-4CB5-4678-8AB2-D6520B12A1DC}.Release|x86.ActiveCfg = Release|Win32
		{86E9B79B-4CB5-4678-8AB2-D6520B12A1DC}.Release|x86.Build.0 = Release|Win32
		{9BCCF8E2-FADE-4B72-8810-DD29EA3103DA}.Debug|x64.ActiveCfg = Debug|x64
		{9BCCF8E2-FADE-4B72-8810-DD29EA3103DA}.Debug|x64.Build.0 = Debug|x64
		{9BCCF8E2-FADE-4B72-8810-DD29EA3103DA}.Debug|x86.ActiveCfg = Debug|Win32
		{9BCCF8E2-FADE-4B72-8810-DD29EA3103DA}.Debug|x86.Build.0 = Debug|Win32
		{9BCCF8E2-FADE-4B72-8810-DD29EA3103DA}.Release|x64.ActiveCfg = Release|x64
		{9BCCF8E2-FADE-4B72-8810-DD29EA3103DA}.Release|x64.Build.0 = Release|x64
		{9BCCF8E2-FADE-4B72-8810-DD29EA3103DA}.Release|x86.ActiveCfg = Release|Win32
		{9BCCF8E2-FADE-4B72-8810-DD29EA3103DA}.Release|x86.Build.0 = Release|Win32
		{D61F9045-8C9F-470F-957A-9CB3EF7E121E}.Debug|x64.ActiveCfg = Debug|x64
		{D61F9045-8C9F-470F-957A-9CB3EF7E121E}.Debug|x64.Build.0 = Debug|x64
		{D61F9045-8C9F-470F-957A-9CB3EF7E121E}.Debug|x86.ActiveCfg = Debug|Win32
		{D61F9045-8C9F-470F-957A-9CB3EF7E121E}.Debug|x86.Build.0 = Debug|Win32
		{D61F9045-8C9F-470F-957A-9CB3EF7E121E}.Release|x64.ActiveCfg = Release|x64
		{D61F9045-8C9F-470F-957A-9CB3EF7E121E}.Release|x64.Build.0 = Release|x64
		{D61F9045-8C9F-470F-957A-9CB3EF7E121E}.Release|x86.ActiveCfg = Release|Win32
		{D61F9045-8C9F-470F-957A-9CB3EF7E121E}.Release|x86.Build.0 = Release|Win32
		{46EE26CC-56A6-45A6-B2F3-084534CEBEFF}.Debug|x64.ActiveCfg = Debug|x64
		{46EE26CC-56A6-45A6-B2F3-084534CEBEFF}.Debug|x64.Build.0 = Debug|x64
		{46EE26CC-56A6-45A6-B2F3-084534CEBEFF}.Debug|x86.ActiveCfg = Debug|Win32
		{46EE26CC-56A6-45A6-B2F3-084534CEBEFF}.Debug|x86.Build.0 = Debug|Win32
		{46EE26CC-56A6-45A6-B2F3-084534CEBEFF}.Release|x64.ActiveCfg = Release|x64
		{46EE26CC-56A6-45A6-B2F3-084534CEBEFF}.Release|x64.Build.0 = Release|x64
		{46EE26CC-56A6-45A6-B2F3-084534CEBEFF}.Release|x86.ActiveCfg = Release|Win32
		{46EE26CC-56A6-45A6-B2F3-084534CEBEFF}.Release|x86.Build.0 = Release|Win32
		{1CBC4D6D-CA61-48FA-B5DC-24ACF41868D5}.Debug|x64.ActiveCfg = Debug|x64
		{1CBC4D6D-CA61-48FA-B5DC-24ACF41868D5}.Debug|x64.Build.0 = Debug|x64
		{1CBC4D6D-CA61-48FA-B5DC-24ACF41868D5}.Debug|x86.ActiveCfg = Debug|Win32
		{1CBC4D6D-CA61-48FA-B5DC-24ACF41868D5}.Debug|x86.Build.0 = Debug|Win32
		{1CBC4D6D-CA61-48FA-B5DC-24ACF41868D5}.Release|x64.ActiveCfg = Release|x64
		{1CBC4D6D-CA61-48FA-B5DC-24ACF41868D5}.Release|x64.Build.0 = Release|x64
		{1CBC4D6D-CA61-48FA-B5DC-24ACF41868D5}.Release|x86.ActiveCfg = Release|Win32
		{1CBC4D6D-CA61-48FA-B5DC-24ACF41868D5}.Release|x86.Build.0 = Release|Win32
		{A315B1AA-DABA-470A-ABD8-BFFFB011C482}.Debug|x64.ActiveCfg = Debug|x64
		{A315B1AA-DABA-470A-ABD8-BFFFB011C482}.Debug|x64.Build.0 = Debug|x64
		{A315B1AA-DABA-470A-ABD8-BFFFB011C482}.Debug|x86.ActiveCfg = Debug|Win32
		{A315B1AA-DABA-470A-ABD8-BFFFB011C482}.Debug|x86.Build.0 = Debug|Win32
		{A315B1AA-DABA-470A-ABD8-BFFFB011C482}.Release|x64.ActiveCfg = Release|x64
		{A315B1AA-DABA-470A-ABD8-BFFFB011C482}.Release|x64.Build.0 = Release|x64
		{A315B1AA-DABA-470A-ABD8-BFFFB011C482}.Release|x86.ActiveCfg = Release|Win32
		{A315B1AA-DABA-470A-ABD8-BFFFB011C482}.Release|x86.Build.0 = Release|Win32
		{8D865E38-8E38-4BCF-8212-0E0F9235A81A}.Debug|x64.ActiveCfg = Debug|x64
		{8D865E38-8E38-4BCF-8212-0E0F9235A81A}.Debug|x64.Build.0 = Debug|x64
		{8D865E38-8E38-4BCF-8212-0E0F9235A81A}.Debug|x86.ActiveCfg = Debug|Win32
		{8D865E38-8E38-4BCF-8212-0E0F9235A81A}.Debug|x86.Build.0 = Debug|Win32
		{8D865E38-8E38-4BCF-8212-0E0F9235A81A}.Release|x64.ActiveCfg = Release|x64
		{8D865E38-8E38-4BCF-8212-0E0F9235A81A}.Release|x64.Build.0 = Release|x64
		{8D865E38-8E38-4BCF-8212-0E0F9235A81A}.Release|x86.ActiveCfg = Release|Win32
		{8D865E38-8E38-4BCF-8212-0E0F9235A81A}.Release|x86.Build.0 = Release|Win32
		{6B182853-ED65-4987-84A9-30F2C468ECAE}.Debug|x64.ActiveCfg = Debug|x64
		{6B182853-ED65-4987-84A9-30F2C468ECAE}.Debug|x64.Build.0 = Debug|x64
		{6B182853-ED65-4987-84A9-30F2C468ECAE}.Debug|x86.ActiveCfg = Debug|Win32
		{6B182853-ED65-4987-84A9-30F2C468ECAE}.Debug|x86.Build.0 = Debug|Win32
		{6B182853-ED65-4987-84A9-30F2C468ECAE}.Release|x64.ActiveCfg = Release|x64
		{6B182853-ED65-4987-84A9-30F2C468ECAE}.Release|x64.Build.0 = Release|x64
		{6B182853-ED65-4987-84A9-30F2C468ECAE}.Release|x86.ActiveCfg = Release|Win32
		{6B182853-ED65-4987-84A9-30F2C468ECAE}.Release|x86.Build.0 = Release|Win32
		{43CCDB26-0D8C-4025-8E2D-B3558B2E1F9D}.Debug|x64.ActiveCfg = Debug|x64
		{43CCDB26-0D8C-4025-8E2D-B3558B2E1F9D}.Debug|x64.Build.0 = Debug|x64
		{43CCDB26-0D8C-4025-8E2D-B3558B2E1F9D}.Debug|x86.ActiveCfg = Debug|Win32
		{43CCDB26-0D8C-4025-8E2D-B3558B2E1F9D}.Debug|x86.Build.0 = Debug|Win32
		{43CCDB26-0D8C-4025-8E2D-B3558B2E1F9D}.Release|x64.ActiveCfg = Release|x64
		{43CCDB26-0D8C-4025-8E2D-B3558B2E1F9D}.Release|x64.Build.0 = Release|x64
		{43CCDB26-0D8C-4025-8E2D-B3558B2E1F9D}.Release|x86.ActiveCfg = Release|Win32
		{43CCDB26-0D8C-4025-8E2D-B3558B2E1F9D}.Release|x86.Build.0 = Release|Win32
		{F84605DB-462F-4AAC-B574-EC852621B153}.Debug|x64.ActiveCfg = Debug|x64
		{F84605DB-462F-4AAC-B574-EC852621B153}.Debug|x64.Build.0 = Debug|x64
		{F84605DB-462F-4AAC-B574-EC852621B153}.Debug|x86.ActiveCfg = Debug|Win32
		{F84605DB-462F-4AAC-B574-EC852621B153}.Debug|x86.Build.0 = Debug|Win32
		{F84605DB-462F-4AAC-B574-EC852621B153}.Release|x64.ActiveCfg = Release|x64
		{F84605DB-462F-4AAC-B574-EC852621B153}.Release|x64.Build.0 = Release|x64
		{F84605DB-462F-4AAC-B574-EC852621B153}.Release|x86.ActiveCfg = Release|Win32
		{F84605DB-462F-4AAC-B574-EC852621B153}.Release|x86.Build.0 = Release|Win32
		{F72DD12E-7A95-4718-AFBA-598D0573011B}.Debug|x64.ActiveCfg = Debug|x64
		{F72DD12E-7A95-4718-AFBA-598D0573011B}.Debug|x64.Build.0 = Debug|x64
		{F72DD12E-7A95-4718-AFBA-598D0573011B}.Debug|x86.ActiveCfg = Debug|Win32
		{F72DD12E-7A95-4718-AFBA-598D0573011B}.Debug|x86.Build.0 = Debug|Win32
		{F72DD12E-7A95-4718-AFBA-598D0573011B}.Release|x64.ActiveCfg = Release|x64
		{F72DD12E-7A95-4718-AFBA-598D0573011B}.Release|x64.Build.0 = Release|x64
		{F72DD12E-7A95-4718-AFBA-598D0573011B}.Release|x86.ActiveCfg = Release|Win32
		{F72DD12E-7A95-4718-AFBA-598D0573011B}.Release|x86.Build.0 = Release|Win32
		{38628F85-4047-4ACB-9DC4-EA55D3CB7B9E}.Debug|x64.ActiveCfg = Debug|x64
		{38628F85-4047-4ACB-9DC4-EA55D3CB7B9E}.Debug|x64.Build.0 = Debug|x64
		{38628F85-4047-4ACB-9DC4-EA55D3CB7B9E}.Debug|x86.ActiveCfg = Debug|Win32
		{38628F85-4047-4ACB-9DC4-EA55D3CB7B9E}.Debug|x86.Build.0 = Debug|Win32
		{38628F85-4047-4ACB-9DC4-EA55D3CB7B9E}.Release|x64.ActiveCfg = Release|x64
		{38628F85-4047-4ACB-9DC4-EA55D3CB7B9E}.Release|x64.Build.0 = Release|x64
		{38628F85-4047-4ACB-9DC4-EA55D3CB7B9E}.Release|x86.ActiveCfg = Release|Win32
		{38628F85-4047-4ACB-9DC4-EA55D3CB7B9E}.Release|x86.Build.0 = Release|Win32
	EndGlobalSection
	GlobalSection(SolutionProperties) = preSolution
		HideSolutionNode = FALSE
	EndGlobalSection
EndGlobal
